
Microsoft Visual Studio Solution File, Format Version 12.00
# Visual Studio Version 17
VisualStudioVersion = 17.3.32825.248
MinimumVisualStudioVersion = 10.0.40219.1
Project("{8BC9CEB8-8B4A-11D0-8D11-00A0C91BC942}") = "Individual project", "Individual project\Individual project.vcxproj", "{51F02CE0-E126-403F-93BC-310C800260DD}"
EndProject
Global
	GlobalSection(SolutionConfigurationPlatforms) = preSolution
		Debug|x64 = Debug|x64
		Debug|x86 = Debug|x86
		Release|x64 = Release|x64
		Release|x86 = Release|x86
	EndGlobalSection
	GlobalSection(ProjectConfigurationPlatforms) = postSolution
		{51F02CE0-E126-403F-93BC-310C800260DD}.Debug|x64.ActiveCfg = Debug|x64
		{51F02CE0-E126-403F-93BC-310C800260DD}.Debug|x64.Build.0 = Debug|x64
		{51F02CE0-E126-403F-93BC-310C800260DD}.Debug|x86.ActiveCfg = Debug|Win32
		{51F02CE0-E126-403F-93BC-310C800260DD}.Debug|x86.Build.0 = Debug|Win32
		{51F02CE0-E126-403F-93BC-310C800260DD}.Release|x64.ActiveCfg = Release|x64
		{51F02CE0-E126-403F-93BC-310C800260DD}.Release|x64.Build.0 = Release|x64
		{51F02CE0-E126-403F-93BC-310C800260DD}.Release|x86.ActiveCfg = Release|Win32
		{51F02CE0-E126-403F-93BC-310C800260DD}.Release|x86.Build.0 = Release|Win32
	EndGlobalSection
	GlobalSection(SolutionProperties) = preSolution
		HideSolutionNode = FALSE
	EndGlobalSection
	GlobalSection(ExtensibilityGlobals) = postSolution
		SolutionGuid = {B6ADF95F-5D7A-4F34-972B-E5591B385542}
	EndGlobalSection
EndGlobal
